// !$*UTF8*$!
{
	archiveVersion = 1;
	classes = {
	};
	objectVersion = 46;
	objects = {

/* Begin PBXBuildFile section */
		D303AD9D1C181F6700CDC399 /* utilities.swift in Sources */ = {isa = PBXBuildFile; fileRef = D303AD9C1C181F6700CDC399 /* utilities.swift */; };
		D303AD9F1C182CC500CDC399 /* FlickrObjects.swift in Sources */ = {isa = PBXBuildFile; fileRef = D303AD9E1C182CC500CDC399 /* FlickrObjects.swift */; };
		D33672091C18C5E00011914C /* SearchOperation.swift in Sources */ = {isa = PBXBuildFile; fileRef = D33672081C18C5E00011914C /* SearchOperation.swift */; };
		D382CDAB1C09EA3900BCE3FB /* AppDelegate.swift in Sources */ = {isa = PBXBuildFile; fileRef = D382CDAA1C09EA3900BCE3FB /* AppDelegate.swift */; };
		D382CDAD1C09EA3900BCE3FB /* MapViewController.swift in Sources */ = {isa = PBXBuildFile; fileRef = D382CDAC1C09EA3900BCE3FB /* MapViewController.swift */; };
		D382CDB01C09EA3900BCE3FB /* Main.storyboard in Resources */ = {isa = PBXBuildFile; fileRef = D382CDAE1C09EA3900BCE3FB /* Main.storyboard */; };
		D382CDB31C09EA3900BCE3FB /* VirtualTourist.xcdatamodeld in Sources */ = {isa = PBXBuildFile; fileRef = D382CDB11C09EA3900BCE3FB /* VirtualTourist.xcdatamodeld */; };
		D382CDB51C09EA3900BCE3FB /* Assets.xcassets in Resources */ = {isa = PBXBuildFile; fileRef = D382CDB41C09EA3900BCE3FB /* Assets.xcassets */; };
		D382CDB81C09EA3900BCE3FB /* LaunchScreen.storyboard in Resources */ = {isa = PBXBuildFile; fileRef = D382CDB61C09EA3900BCE3FB /* LaunchScreen.storyboard */; };
		D382CDC31C09EA3900BCE3FB /* VirtualTouristTests.swift in Sources */ = {isa = PBXBuildFile; fileRef = D382CDC21C09EA3900BCE3FB /* VirtualTouristTests.swift */; };
		D382CDCE1C09EA3900BCE3FB /* VirtualTouristUITests.swift in Sources */ = {isa = PBXBuildFile; fileRef = D382CDCD1C09EA3900BCE3FB /* VirtualTouristUITests.swift */; };
		D382CDDC1C09EAB500BCE3FB /* CoreDataStack.swift in Sources */ = {isa = PBXBuildFile; fileRef = D382CDDB1C09EAB500BCE3FB /* CoreDataStack.swift */; };
		D382CDE11C09EDB900BCE3FB /* Pin+CoreDataProperties.swift in Sources */ = {isa = PBXBuildFile; fileRef = D382CDDD1C09EDB900BCE3FB /* Pin+CoreDataProperties.swift */; };
		D382CDE21C09EDB900BCE3FB /* Pin.swift in Sources */ = {isa = PBXBuildFile; fileRef = D382CDDE1C09EDB900BCE3FB /* Pin.swift */; };
		D382CDE31C09EDB900BCE3FB /* Photo+CoreDataProperties.swift in Sources */ = {isa = PBXBuildFile; fileRef = D382CDDF1C09EDB900BCE3FB /* Photo+CoreDataProperties.swift */; };
		D382CDE41C09EDB900BCE3FB /* Photo.swift in Sources */ = {isa = PBXBuildFile; fileRef = D382CDE01C09EDB900BCE3FB /* Photo.swift */; };
		D3E3A7DA1C0D87AB003F64B1 /* WebClient.swift in Sources */ = {isa = PBXBuildFile; fileRef = D3E3A7D91C0D87AB003F64B1 /* WebClient.swift */; };
		D3E3A7DC1C0D87DF003F64B1 /* URLEncoder.swift in Sources */ = {isa = PBXBuildFile; fileRef = D3E3A7DB1C0D87DF003F64B1 /* URLEncoder.swift */; };
		D3E3A7DF1C0D8846003F64B1 /* FlickrClient.swift in Sources */ = {isa = PBXBuildFile; fileRef = D3E3A7DE1C0D8846003F64B1 /* FlickrClient.swift */; };
		D3E3A7E11C0D93A4003F64B1 /* extension-Dict.swift in Sources */ = {isa = PBXBuildFile; fileRef = D3E3A7E01C0D93A4003F64B1 /* extension-Dict.swift */; };
/* End PBXBuildFile section */

/* Begin PBXContainerItemProxy section */
		D382CDBF1C09EA3900BCE3FB /* PBXContainerItemProxy */ = {
			isa = PBXContainerItemProxy;
			containerPortal = D382CD9F1C09EA3900BCE3FB /* Project object */;
			proxyType = 1;
			remoteGlobalIDString = D382CDA61C09EA3900BCE3FB;
			remoteInfo = VirtualTourist;
		};
		D382CDCA1C09EA3900BCE3FB /* PBXContainerItemProxy */ = {
			isa = PBXContainerItemProxy;
			containerPortal = D382CD9F1C09EA3900BCE3FB /* Project object */;
			proxyType = 1;
			remoteGlobalIDString = D382CDA61C09EA3900BCE3FB;
			remoteInfo = VirtualTourist;
		};
/* End PBXContainerItemProxy section */

/* Begin PBXFileReference section */
		D303AD9C1C181F6700CDC399 /* utilities.swift */ = {isa = PBXFileReference; fileEncoding = 4; lastKnownFileType = sourcecode.swift; path = utilities.swift; sourceTree = "<group>"; };
		D303AD9E1C182CC500CDC399 /* FlickrObjects.swift */ = {isa = PBXFileReference; fileEncoding = 4; lastKnownFileType = sourcecode.swift; path = FlickrObjects.swift; sourceTree = "<group>"; };
		D33672081C18C5E00011914C /* SearchOperation.swift */ = {isa = PBXFileReference; fileEncoding = 4; lastKnownFileType = sourcecode.swift; path = SearchOperation.swift; sourceTree = "<group>"; };
		D382CDA71C09EA3900BCE3FB /* VirtualTourist.app */ = {isa = PBXFileReference; explicitFileType = wrapper.application; includeInIndex = 0; path = VirtualTourist.app; sourceTree = BUILT_PRODUCTS_DIR; };
		D382CDAA1C09EA3900BCE3FB /* AppDelegate.swift */ = {isa = PBXFileReference; lastKnownFileType = sourcecode.swift; path = AppDelegate.swift; sourceTree = "<group>"; };
		D382CDAC1C09EA3900BCE3FB /* MapViewController.swift */ = {isa = PBXFileReference; lastKnownFileType = sourcecode.swift; path = MapViewController.swift; sourceTree = "<group>"; };
		D382CDAF1C09EA3900BCE3FB /* Base */ = {isa = PBXFileReference; lastKnownFileType = file.storyboard; name = Base; path = Base.lproj/Main.storyboard; sourceTree = "<group>"; };
		D382CDB21C09EA3900BCE3FB /* VirtualTourist.xcdatamodel */ = {isa = PBXFileReference; lastKnownFileType = wrapper.xcdatamodel; path = VirtualTourist.xcdatamodel; sourceTree = "<group>"; };
		D382CDB41C09EA3900BCE3FB /* Assets.xcassets */ = {isa = PBXFileReference; lastKnownFileType = folder.assetcatalog; path = Assets.xcassets; sourceTree = "<group>"; };
		D382CDB71C09EA3900BCE3FB /* Base */ = {isa = PBXFileReference; lastKnownFileType = file.storyboard; name = Base; path = Base.lproj/LaunchScreen.storyboard; sourceTree = "<group>"; };
		D382CDB91C09EA3900BCE3FB /* Info.plist */ = {isa = PBXFileReference; lastKnownFileType = text.plist.xml; path = Info.plist; sourceTree = "<group>"; };
		D382CDBE1C09EA3900BCE3FB /* VirtualTouristTests.xctest */ = {isa = PBXFileReference; explicitFileType = wrapper.cfbundle; includeInIndex = 0; path = VirtualTouristTests.xctest; sourceTree = BUILT_PRODUCTS_DIR; };
		D382CDC21C09EA3900BCE3FB /* VirtualTouristTests.swift */ = {isa = PBXFileReference; lastKnownFileType = sourcecode.swift; path = VirtualTouristTests.swift; sourceTree = "<group>"; };
		D382CDC41C09EA3900BCE3FB /* Info.plist */ = {isa = PBXFileReference; lastKnownFileType = text.plist.xml; path = Info.plist; sourceTree = "<group>"; };
		D382CDC91C09EA3900BCE3FB /* VirtualTouristUITests.xctest */ = {isa = PBXFileReference; explicitFileType = wrapper.cfbundle; includeInIndex = 0; path = VirtualTouristUITests.xctest; sourceTree = BUILT_PRODUCTS_DIR; };
		D382CDCD1C09EA3900BCE3FB /* VirtualTouristUITests.swift */ = {isa = PBXFileReference; lastKnownFileType = sourcecode.swift; path = VirtualTouristUITests.swift; sourceTree = "<group>"; };
		D382CDCF1C09EA3900BCE3FB /* Info.plist */ = {isa = PBXFileReference; lastKnownFileType = text.plist.xml; path = Info.plist; sourceTree = "<group>"; };
		D382CDDB1C09EAB500BCE3FB /* CoreDataStack.swift */ = {isa = PBXFileReference; fileEncoding = 4; lastKnownFileType = sourcecode.swift; path = CoreDataStack.swift; sourceTree = "<group>"; };
		D382CDDD1C09EDB900BCE3FB /* Pin+CoreDataProperties.swift */ = {isa = PBXFileReference; fileEncoding = 4; lastKnownFileType = sourcecode.swift; path = "Pin+CoreDataProperties.swift"; sourceTree = "<group>"; };
		D382CDDE1C09EDB900BCE3FB /* Pin.swift */ = {isa = PBXFileReference; fileEncoding = 4; lastKnownFileType = sourcecode.swift; path = Pin.swift; sourceTree = "<group>"; };
		D382CDDF1C09EDB900BCE3FB /* Photo+CoreDataProperties.swift */ = {isa = PBXFileReference; fileEncoding = 4; lastKnownFileType = sourcecode.swift; path = "Photo+CoreDataProperties.swift"; sourceTree = "<group>"; };
		D382CDE01C09EDB900BCE3FB /* Photo.swift */ = {isa = PBXFileReference; fileEncoding = 4; lastKnownFileType = sourcecode.swift; path = Photo.swift; sourceTree = "<group>"; };
		D3E3A7D91C0D87AB003F64B1 /* WebClient.swift */ = {isa = PBXFileReference; fileEncoding = 4; lastKnownFileType = sourcecode.swift; path = WebClient.swift; sourceTree = "<group>"; };
		D3E3A7DB1C0D87DF003F64B1 /* URLEncoder.swift */ = {isa = PBXFileReference; fileEncoding = 4; lastKnownFileType = sourcecode.swift; path = URLEncoder.swift; sourceTree = "<group>"; };
		D3E3A7DE1C0D8846003F64B1 /* FlickrClient.swift */ = {isa = PBXFileReference; fileEncoding = 4; lastKnownFileType = sourcecode.swift; path = FlickrClient.swift; sourceTree = "<group>"; };
		D3E3A7E01C0D93A4003F64B1 /* extension-Dict.swift */ = {isa = PBXFileReference; fileEncoding = 4; lastKnownFileType = sourcecode.swift; path = "extension-Dict.swift"; sourceTree = "<group>"; };
/* End PBXFileReference section */

/* Begin PBXFrameworksBuildPhase section */
		D382CDA41C09EA3900BCE3FB /* Frameworks */ = {
			isa = PBXFrameworksBuildPhase;
			buildActionMask = 2147483647;
			files = (
			);
			runOnlyForDeploymentPostprocessing = 0;
		};
		D382CDBB1C09EA3900BCE3FB /* Frameworks */ = {
			isa = PBXFrameworksBuildPhase;
			buildActionMask = 2147483647;
			files = (
			);
			runOnlyForDeploymentPostprocessing = 0;
		};
		D382CDC61C09EA3900BCE3FB /* Frameworks */ = {
			isa = PBXFrameworksBuildPhase;
			buildActionMask = 2147483647;
			files = (
			);
			runOnlyForDeploymentPostprocessing = 0;
		};
/* End PBXFrameworksBuildPhase section */

/* Begin PBXGroup section */
		D382CD9E1C09EA3900BCE3FB = {
			isa = PBXGroup;
			children = (
				D382CDA91C09EA3900BCE3FB /* VirtualTourist */,
				D382CDC11C09EA3900BCE3FB /* VirtualTouristTests */,
				D382CDCC1C09EA3900BCE3FB /* VirtualTouristUITests */,
				D382CDA81C09EA3900BCE3FB /* Products */,
			);
			sourceTree = "<group>";
		};
		D382CDA81C09EA3900BCE3FB /* Products */ = {
			isa = PBXGroup;
			children = (
				D382CDA71C09EA3900BCE3FB /* VirtualTourist.app */,
				D382CDBE1C09EA3900BCE3FB /* VirtualTouristTests.xctest */,
				D382CDC91C09EA3900BCE3FB /* VirtualTouristUITests.xctest */,
			);
			name = Products;
			sourceTree = "<group>";
		};
		D382CDA91C09EA3900BCE3FB /* VirtualTourist */ = {
			isa = PBXGroup;
			children = (
				D382CDB61C09EA3900BCE3FB /* LaunchScreen.storyboard */,
				D382CDAE1C09EA3900BCE3FB /* Main.storyboard */,
				D382CDB11C09EA3900BCE3FB /* VirtualTourist.xcdatamodeld */,
				D382CDB91C09EA3900BCE3FB /* Info.plist */,
				D382CDDB1C09EAB500BCE3FB /* CoreDataStack.swift */,
				D382CDAA1C09EA3900BCE3FB /* AppDelegate.swift */,
				D3E3A7DD1C0D8801003F64B1 /* Flickr */,
				D382CDE61C09EDEF00BCE3FB /* View Controllers */,
				D382CDE51C09EDD600BCE3FB /* CoreData Models */,
				D382CDB41C09EA3900BCE3FB /* Assets.xcassets */,
				D3E3A7E01C0D93A4003F64B1 /* extension-Dict.swift */,
				D303AD9C1C181F6700CDC399 /* utilities.swift */,
			);
			path = VirtualTourist;
			sourceTree = "<group>";
		};
		D382CDC11C09EA3900BCE3FB /* VirtualTouristTests */ = {
			isa = PBXGroup;
			children = (
				D382CDC21C09EA3900BCE3FB /* VirtualTouristTests.swift */,
				D382CDC41C09EA3900BCE3FB /* Info.plist */,
			);
			path = VirtualTouristTests;
			sourceTree = "<group>";
		};
		D382CDCC1C09EA3900BCE3FB /* VirtualTouristUITests */ = {
			isa = PBXGroup;
			children = (
				D382CDCD1C09EA3900BCE3FB /* VirtualTouristUITests.swift */,
				D382CDCF1C09EA3900BCE3FB /* Info.plist */,
			);
			path = VirtualTouristUITests;
			sourceTree = "<group>";
		};
		D382CDE51C09EDD600BCE3FB /* CoreData Models */ = {
			isa = PBXGroup;
			children = (
				D382CDDE1C09EDB900BCE3FB /* Pin.swift */,
				D382CDE01C09EDB900BCE3FB /* Photo.swift */,
				D382CDDD1C09EDB900BCE3FB /* Pin+CoreDataProperties.swift */,
				D382CDDF1C09EDB900BCE3FB /* Photo+CoreDataProperties.swift */,
			);
			name = "CoreData Models";
			sourceTree = "<group>";
		};
		D382CDE61C09EDEF00BCE3FB /* View Controllers */ = {
			isa = PBXGroup;
			children = (
				D382CDAC1C09EA3900BCE3FB /* MapViewController.swift */,
			);
			name = "View Controllers";
			sourceTree = "<group>";
		};
		D3E3A7DD1C0D8801003F64B1 /* Flickr */ = {
			isa = PBXGroup;
			children = (
				D3E3A7DB1C0D87DF003F64B1 /* URLEncoder.swift */,
				D3E3A7D91C0D87AB003F64B1 /* WebClient.swift */,
				D3E3A7DE1C0D8846003F64B1 /* FlickrClient.swift */,
				D303AD9E1C182CC500CDC399 /* FlickrObjects.swift */,
				D33672081C18C5E00011914C /* SearchOperation.swift */,
			);
			name = Flickr;
			sourceTree = "<group>";
		};
/* End PBXGroup section */

/* Begin PBXNativeTarget section */
		D382CDA61C09EA3900BCE3FB /* VirtualTourist */ = {
			isa = PBXNativeTarget;
			buildConfigurationList = D382CDD21C09EA3900BCE3FB /* Build configuration list for PBXNativeTarget "VirtualTourist" */;
			buildPhases = (
				D382CDA31C09EA3900BCE3FB /* Sources */,
				D382CDA41C09EA3900BCE3FB /* Frameworks */,
				D382CDA51C09EA3900BCE3FB /* Resources */,
			);
			buildRules = (
			);
			dependencies = (
			);
			name = VirtualTourist;
			productName = VirtualTourist;
			productReference = D382CDA71C09EA3900BCE3FB /* VirtualTourist.app */;
			productType = "com.apple.product-type.application";
		};
		D382CDBD1C09EA3900BCE3FB /* VirtualTouristTests */ = {
			isa = PBXNativeTarget;
			buildConfigurationList = D382CDD51C09EA3900BCE3FB /* Build configuration list for PBXNativeTarget "VirtualTouristTests" */;
			buildPhases = (
				D382CDBA1C09EA3900BCE3FB /* Sources */,
				D382CDBB1C09EA3900BCE3FB /* Frameworks */,
				D382CDBC1C09EA3900BCE3FB /* Resources */,
			);
			buildRules = (
			);
			dependencies = (
				D382CDC01C09EA3900BCE3FB /* PBXTargetDependency */,
			);
			name = VirtualTouristTests;
			productName = VirtualTouristTests;
			productReference = D382CDBE1C09EA3900BCE3FB /* VirtualTouristTests.xctest */;
			productType = "com.apple.product-type.bundle.unit-test";
		};
		D382CDC81C09EA3900BCE3FB /* VirtualTouristUITests */ = {
			isa = PBXNativeTarget;
			buildConfigurationList = D382CDD81C09EA3900BCE3FB /* Build configuration list for PBXNativeTarget "VirtualTouristUITests" */;
			buildPhases = (
				D382CDC51C09EA3900BCE3FB /* Sources */,
				D382CDC61C09EA3900BCE3FB /* Frameworks */,
				D382CDC71C09EA3900BCE3FB /* Resources */,
			);
			buildRules = (
			);
			dependencies = (
				D382CDCB1C09EA3900BCE3FB /* PBXTargetDependency */,
			);
			name = VirtualTouristUITests;
			productName = VirtualTouristUITests;
			productReference = D382CDC91C09EA3900BCE3FB /* VirtualTouristUITests.xctest */;
			productType = "com.apple.product-type.bundle.ui-testing";
		};
/* End PBXNativeTarget section */

/* Begin PBXProject section */
		D382CD9F1C09EA3900BCE3FB /* Project object */ = {
			isa = PBXProject;
			attributes = {
				LastSwiftUpdateCheck = 0710;
				LastUpgradeCheck = 0710;
				ORGANIZATIONNAME = "Brian King";
				TargetAttributes = {
					D382CDA61C09EA3900BCE3FB = {
						CreatedOnToolsVersion = 7.1.1;
					};
					D382CDBD1C09EA3900BCE3FB = {
						CreatedOnToolsVersion = 7.1.1;
						TestTargetID = D382CDA61C09EA3900BCE3FB;
					};
					D382CDC81C09EA3900BCE3FB = {
						CreatedOnToolsVersion = 7.1.1;
						TestTargetID = D382CDA61C09EA3900BCE3FB;
					};
				};
			};
			buildConfigurationList = D382CDA21C09EA3900BCE3FB /* Build configuration list for PBXProject "VirtualTourist" */;
			compatibilityVersion = "Xcode 3.2";
			developmentRegion = English;
			hasScannedForEncodings = 0;
			knownRegions = (
				en,
				Base,
			);
			mainGroup = D382CD9E1C09EA3900BCE3FB;
			productRefGroup = D382CDA81C09EA3900BCE3FB /* Products */;
			projectDirPath = "";
			projectRoot = "";
			targets = (
				D382CDA61C09EA3900BCE3FB /* VirtualTourist */,
				D382CDBD1C09EA3900BCE3FB /* VirtualTouristTests */,
				D382CDC81C09EA3900BCE3FB /* VirtualTouristUITests */,
			);
		};
/* End PBXProject section */

/* Begin PBXResourcesBuildPhase section */
		D382CDA51C09EA3900BCE3FB /* Resources */ = {
			isa = PBXResourcesBuildPhase;
			buildActionMask = 2147483647;
			files = (
				D382CDB81C09EA3900BCE3FB /* LaunchScreen.storyboard in Resources */,
				D382CDB51C09EA3900BCE3FB /* Assets.xcassets in Resources */,
				D382CDB01C09EA3900BCE3FB /* Main.storyboard in Resources */,
			);
			runOnlyForDeploymentPostprocessing = 0;
		};
		D382CDBC1C09EA3900BCE3FB /* Resources */ = {
			isa = PBXResourcesBuildPhase;
			buildActionMask = 2147483647;
			files = (
			);
			runOnlyForDeploymentPostprocessing = 0;
		};
		D382CDC71C09EA3900BCE3FB /* Resources */ = {
			isa = PBXResourcesBuildPhase;
			buildActionMask = 2147483647;
			files = (
			);
			runOnlyForDeploymentPostprocessing = 0;
		};
/* End PBXResourcesBuildPhase section */

/* Begin PBXSourcesBuildPhase section */
		D382CDA31C09EA3900BCE3FB /* Sources */ = {
			isa = PBXSourcesBuildPhase;
			buildActionMask = 2147483647;
			files = (
				D3E3A7DC1C0D87DF003F64B1 /* URLEncoder.swift in Sources */,
				D382CDE41C09EDB900BCE3FB /* Photo.swift in Sources */,
				D382CDE31C09EDB900BCE3FB /* Photo+CoreDataProperties.swift in Sources */,
				D303AD9D1C181F6700CDC399 /* utilities.swift in Sources */,
				D3E3A7DA1C0D87AB003F64B1 /* WebClient.swift in Sources */,
				D382CDAD1C09EA3900BCE3FB /* MapViewController.swift in Sources */,
				D33672091C18C5E00011914C /* SearchOperation.swift in Sources */,
				D382CDAB1C09EA3900BCE3FB /* AppDelegate.swift in Sources */,
				D382CDB31C09EA3900BCE3FB /* VirtualTourist.xcdatamodeld in Sources */,
				D382CDE21C09EDB900BCE3FB /* Pin.swift in Sources */,
				D303AD9F1C182CC500CDC399 /* FlickrObjects.swift in Sources */,
				D3E3A7DF1C0D8846003F64B1 /* FlickrClient.swift in Sources */,
				D3E3A7E11C0D93A4003F64B1 /* extension-Dict.swift in Sources */,
				D382CDE11C09EDB900BCE3FB /* Pin+CoreDataProperties.swift in Sources */,
				D382CDDC1C09EAB500BCE3FB /* CoreDataStack.swift in Sources */,
			);
			runOnlyForDeploymentPostprocessing = 0;
		};
		D382CDBA1C09EA3900BCE3FB /* Sources */ = {
			isa = PBXSourcesBuildPhase;
			buildActionMask = 2147483647;
			files = (
				D382CDC31C09EA3900BCE3FB /* VirtualTouristTests.swift in Sources */,
			);
			runOnlyForDeploymentPostprocessing = 0;
		};
		D382CDC51C09EA3900BCE3FB /* Sources */ = {
			isa = PBXSourcesBuildPhase;
			buildActionMask = 2147483647;
			files = (
				D382CDCE1C09EA3900BCE3FB /* VirtualTouristUITests.swift in Sources */,
			);
			runOnlyForDeploymentPostprocessing = 0;
		};
/* End PBXSourcesBuildPhase section */

/* Begin PBXTargetDependency section */
		D382CDC01C09EA3900BCE3FB /* PBXTargetDependency */ = {
			isa = PBXTargetDependency;
			target = D382CDA61C09EA3900BCE3FB /* VirtualTourist */;
			targetProxy = D382CDBF1C09EA3900BCE3FB /* PBXContainerItemProxy */;
		};
		D382CDCB1C09EA3900BCE3FB /* PBXTargetDependency */ = {
			isa = PBXTargetDependency;
			target = D382CDA61C09EA3900BCE3FB /* VirtualTourist */;
			targetProxy = D382CDCA1C09EA3900BCE3FB /* PBXContainerItemProxy */;
		};
/* End PBXTargetDependency section */

/* Begin PBXVariantGroup section */
		D382CDAE1C09EA3900BCE3FB /* Main.storyboard */ = {
			isa = PBXVariantGroup;
			children = (
				D382CDAF1C09EA3900BCE3FB /* Base */,
			);
			name = Main.storyboard;
			sourceTree = "<group>";
		};
		D382CDB61C09EA3900BCE3FB /* LaunchScreen.storyboard */ = {
			isa = PBXVariantGroup;
			children = (
				D382CDB71C09EA3900BCE3FB /* Base */,
			);
			name = LaunchScreen.storyboard;
			sourceTree = "<group>";
		};
/* End PBXVariantGroup section */

/* Begin XCBuildConfiguration section */
		D382CDD01C09EA3900BCE3FB /* Debug */ = {
			isa = XCBuildConfiguration;
			buildSettings = {
				ALWAYS_SEARCH_USER_PATHS = NO;
				CLANG_CXX_LANGUAGE_STANDARD = "gnu++0x";
				CLANG_CXX_LIBRARY = "libc++";
				CLANG_ENABLE_MODULES = YES;
				CLANG_ENABLE_OBJC_ARC = YES;
				CLANG_WARN_BOOL_CONVERSION = YES;
				CLANG_WARN_CONSTANT_CONVERSION = YES;
				CLANG_WARN_DIRECT_OBJC_ISA_USAGE = YES_ERROR;
				CLANG_WARN_EMPTY_BODY = YES;
				CLANG_WARN_ENUM_CONVERSION = YES;
				CLANG_WARN_INT_CONVERSION = YES;
				CLANG_WARN_OBJC_ROOT_CLASS = YES_ERROR;
				CLANG_WARN_UNREACHABLE_CODE = YES;
				CLANG_WARN__DUPLICATE_METHOD_MATCH = YES;
				"CODE_SIGN_IDENTITY[sdk=iphoneos*]" = "iPhone Developer";
				COPY_PHASE_STRIP = NO;
				DEBUG_INFORMATION_FORMAT = dwarf;
				ENABLE_STRICT_OBJC_MSGSEND = YES;
				ENABLE_TESTABILITY = YES;
				GCC_C_LANGUAGE_STANDARD = gnu99;
				GCC_DYNAMIC_NO_PIC = NO;
				GCC_NO_COMMON_BLOCKS = YES;
				GCC_OPTIMIZATION_LEVEL = 0;
				GCC_PREPROCESSOR_DEFINITIONS = (
					"DEBUG=1",
					"$(inherited)",
				);
				GCC_WARN_64_TO_32_BIT_CONVERSION = YES;
				GCC_WARN_ABOUT_RETURN_TYPE = YES_ERROR;
				GCC_WARN_UNDECLARED_SELECTOR = YES;
				GCC_WARN_UNINITIALIZED_AUTOS = YES_AGGRESSIVE;
				GCC_WARN_UNUSED_FUNCTION = YES;
				GCC_WARN_UNUSED_VARIABLE = YES;
				IPHONEOS_DEPLOYMENT_TARGET = 9.1;
				MTL_ENABLE_DEBUG_INFO = YES;
				ONLY_ACTIVE_ARCH = YES;
				SDKROOT = iphoneos;
				SWIFT_OPTIMIZATION_LEVEL = "-Onone";
				TARGETED_DEVICE_FAMILY = "1,2";
			};
			name = Debug;
		};
		D382CDD11C09EA3900BCE3FB /* Release */ = {
			isa = XCBuildConfiguration;
			buildSettings = {
				ALWAYS_SEARCH_USER_PATHS = NO;
				CLANG_CXX_LANGUAGE_STANDARD = "gnu++0x";
				CLANG_CXX_LIBRARY = "libc++";
				CLANG_ENABLE_MODULES = YES;
				CLANG_ENABLE_OBJC_ARC = YES;
				CLANG_WARN_BOOL_CONVERSION = YES;
				CLANG_WARN_CONSTANT_CONVERSION = YES;
				CLANG_WARN_DIRECT_OBJC_ISA_USAGE = YES_ERROR;
				CLANG_WARN_EMPTY_BODY = YES;
				CLANG_WARN_ENUM_CONVERSION = YES;
				CLANG_WARN_INT_CONVERSION = YES;
				CLANG_WARN_OBJC_ROOT_CLASS = YES_ERROR;
				CLANG_WARN_UNREACHABLE_CODE = YES;
				CLANG_WARN__DUPLICATE_METHOD_MATCH = YES;
				"CODE_SIGN_IDENTITY[sdk=iphoneos*]" = "iPhone Developer";
				COPY_PHASE_STRIP = NO;
				DEBUG_INFORMATION_FORMAT = "dwarf-with-dsym";
				ENABLE_NS_ASSERTIONS = NO;
				ENABLE_STRICT_OBJC_MSGSEND = YES;
				GCC_C_LANGUAGE_STANDARD = gnu99;
				GCC_NO_COMMON_BLOCKS = YES;
				GCC_WARN_64_TO_32_BIT_CONVERSION = YES;
				GCC_WARN_ABOUT_RETURN_TYPE = YES_ERROR;
				GCC_WARN_UNDECLARED_SELECTOR = YES;
				GCC_WARN_UNINITIALIZED_AUTOS = YES_AGGRESSIVE;
				GCC_WARN_UNUSED_FUNCTION = YES;
				GCC_WARN_UNUSED_VARIABLE = YES;
				IPHONEOS_DEPLOYMENT_TARGET = 9.1;
				MTL_ENABLE_DEBUG_INFO = NO;
				SDKROOT = iphoneos;
				TARGETED_DEVICE_FAMILY = "1,2";
				VALIDATE_PRODUCT = YES;
			};
			name = Release;
		};
		D382CDD31C09EA3900BCE3FB /* Debug */ = {
			isa = XCBuildConfiguration;
			buildSettings = {
				ASSETCATALOG_COMPILER_APPICON_NAME = AppIcon;
				INFOPLIST_FILE = VirtualTourist/Info.plist;
				LD_RUNPATH_SEARCH_PATHS = "$(inherited) @executable_path/Frameworks";
				PRODUCT_BUNDLE_IDENTIFIER = ch.truckin.VirtualTourist;
				PRODUCT_NAME = "$(TARGET_NAME)";
			};
			name = Debug;
		};
		D382CDD41C09EA3900BCE3FB /* Release */ = {
			isa = XCBuildConfiguration;
			buildSettings = {
				ASSETCATALOG_COMPILER_APPICON_NAME = AppIcon;
				INFOPLIST_FILE = VirtualTourist/Info.plist;
				LD_RUNPATH_SEARCH_PATHS = "$(inherited) @executable_path/Frameworks";
				PRODUCT_BUNDLE_IDENTIFIER = ch.truckin.VirtualTourist;
				PRODUCT_NAME = "$(TARGET_NAME)";
			};
			name = Release;
		};
		D382CDD61C09EA3900BCE3FB /* Debug */ = {
			isa = XCBuildConfiguration;
			buildSettings = {
				BUNDLE_LOADER = "$(TEST_HOST)";
				INFOPLIST_FILE = VirtualTouristTests/Info.plist;
				LD_RUNPATH_SEARCH_PATHS = "$(inherited) @executable_path/Frameworks @loader_path/Frameworks";
				PRODUCT_BUNDLE_IDENTIFIER = ch.truckin.VirtualTouristTests;
				PRODUCT_NAME = "$(TARGET_NAME)";
				TEST_HOST = "$(BUILT_PRODUCTS_DIR)/VirtualTourist.app/VirtualTourist";
			};
			name = Debug;
		};
		D382CDD71C09EA3900BCE3FB /* Release */ = {
			isa = XCBuildConfiguration;
			buildSettings = {
				BUNDLE_LOADER = "$(TEST_HOST)";
				INFOPLIST_FILE = VirtualTouristTests/Info.plist;
				LD_RUNPATH_SEARCH_PATHS = "$(inherited) @executable_path/Frameworks @loader_path/Frameworks";
				PRODUCT_BUNDLE_IDENTIFIER = ch.truckin.VirtualTouristTests;
				PRODUCT_NAME = "$(TARGET_NAME)";
				TEST_HOST = "$(BUILT_PRODUCTS_DIR)/VirtualTourist.app/VirtualTourist";
			};
			name = Release;
		};
		D382CDD91C09EA3900BCE3FB /* Debug */ = {
			isa = XCBuildConfiguration;
			buildSettings = {
				INFOPLIST_FILE = VirtualTouristUITests/Info.plist;
				LD_RUNPATH_SEARCH_PATHS = "$(inherited) @executable_path/Frameworks @loader_path/Frameworks";
				PRODUCT_BUNDLE_IDENTIFIER = ch.truckin.VirtualTouristUITests;
				PRODUCT_NAME = "$(TARGET_NAME)";
				TEST_TARGET_NAME = VirtualTourist;
				USES_XCTRUNNER = YES;
			};
			name = Debug;
		};
		D382CDDA1C09EA3900BCE3FB /* Release */ = {
			isa = XCBuildConfiguration;
			buildSettings = {
				INFOPLIST_FILE = VirtualTouristUITests/Info.plist;
				LD_RUNPATH_SEARCH_PATHS = "$(inherited) @executable_path/Frameworks @loader_path/Frameworks";
				PRODUCT_BUNDLE_IDENTIFIER = ch.truckin.VirtualTouristUITests;
				PRODUCT_NAME = "$(TARGET_NAME)";
				TEST_TARGET_NAME = VirtualTourist;
				USES_XCTRUNNER = YES;
			};
			name = Release;
		};
/* End XCBuildConfiguration section */

/* Begin XCConfigurationList section */
		D382CDA21C09EA3900BCE3FB /* Build configuration list for PBXProject "VirtualTourist" */ = {
			isa = XCConfigurationList;
			buildConfigurations = (
				D382CDD01C09EA3900BCE3FB /* Debug */,
				D382CDD11C09EA3900BCE3FB /* Release */,
			);
			defaultConfigurationIsVisible = 0;
			defaultConfigurationName = Release;
		};
		D382CDD21C09EA3900BCE3FB /* Build configuration list for PBXNativeTarget "VirtualTourist" */ = {
			isa = XCConfigurationList;
			buildConfigurations = (
				D382CDD31C09EA3900BCE3FB /* Debug */,
				D382CDD41C09EA3900BCE3FB /* Release */,
			);
			defaultConfigurationIsVisible = 0;
			defaultConfigurationName = Release;
		};
		D382CDD51C09EA3900BCE3FB /* Build configuration list for PBXNativeTarget "VirtualTouristTests" */ = {
			isa = XCConfigurationList;
			buildConfigurations = (
				D382CDD61C09EA3900BCE3FB /* Debug */,
				D382CDD71C09EA3900BCE3FB /* Release */,
			);
			defaultConfigurationIsVisible = 0;
			defaultConfigurationName = Release;
		};
		D382CDD81C09EA3900BCE3FB /* Build configuration list for PBXNativeTarget "VirtualTouristUITests" */ = {
			isa = XCConfigurationList;
			buildConfigurations = (
				D382CDD91C09EA3900BCE3FB /* Debug */,
				D382CDDA1C09EA3900BCE3FB /* Release */,
			);
			defaultConfigurationIsVisible = 0;
			defaultConfigurationName = Release;
		};
/* End XCConfigurationList section */

/* Begin XCVersionGroup section */
		D382CDB11C09EA3900BCE3FB /* VirtualTourist.xcdatamodeld */ = {
			isa = XCVersionGroup;
			children = (
				D382CDB21C09EA3900BCE3FB /* VirtualTourist.xcdatamodel */,
			);
			currentVersion = D382CDB21C09EA3900BCE3FB /* VirtualTourist.xcdatamodel */;
			path = VirtualTourist.xcdatamodeld;
			sourceTree = "<group>";
			versionGroupType = wrapper.xcdatamodel;
		};
/* End XCVersionGroup section */
	};
	rootObject = D382CD9F1C09EA3900BCE3FB /* Project object */;
}
